
Microsoft Visual Studio Solution File, Format Version 12.00
# Visual Studio Version 16
VisualStudioVersion = 16.0.31019.35
MinimumVisualStudioVersion = 10.0.40219.1
Project("{2150E333-8FDC-42A3-9474-1A3956D46DE8}") = "Apps", "Apps", "{7E73324D-AC36-4516-BEF8-C38C2436E33C}"
EndProject
Project("{2150E333-8FDC-42A3-9474-1A3956D46DE8}") = "Business", "Business", "{052F3B18-9048-40DD-9849-056E85D875DC}"
EndProject
Project("{2150E333-8FDC-42A3-9474-1A3956D46DE8}") = "Modules", "Modules", "{347CD88E-1B92-47A7-8701-5ACF7A95F071}"
EndProject
Project("{2150E333-8FDC-42A3-9474-1A3956D46DE8}") = "Tests", "Tests", "{7D3355A6-4847-4015-882B-BBD85FD7F06A}"
EndProject
Project("{9A19103F-16F7-4668-BE54-9A1E7A4F7556}") = "RestApi", "RestApi\RestApi.csproj", "{98EFCEC5-5136-4727-ADD8-813723069D4E}"
EndProject
Project("{9A19103F-16F7-4668-BE54-9A1E7A4F7556}") = "AppBusiness.Data", "AppBusiness.Data\AppBusiness.Data.csproj", "{AE1EE480-B292-4102-8011-D4B7D5294E20}"
EndProject
Project("{9A19103F-16F7-4668-BE54-9A1E7A4F7556}") = "AppBusiness.Impl", "AppBusiness.Impl\AppBusiness.Impl.csproj", "{60F5E74C-75CC-4ED6-941A-93666887F48F}"
EndProject
Project("{9A19103F-16F7-4668-BE54-9A1E7A4F7556}") = "AppBusiness.Interface", "AppBusiness.Interface\AppBusiness.Interface.csproj", "{449EC033-AA98-4858-9DEB-047115EF1919}"
EndProject
Project("{9A19103F-16F7-4668-BE54-9A1E7A4F7556}") = "AppPersistence.Interface", "AppPersistence.Interface\AppPersistence.Interface.csproj", "{F45932BD-0C08-4139-AA0C-D891AC08D3B8}"
EndProject
Project("{9A19103F-16F7-4668-BE54-9A1E7A4F7556}") = "AppPersistence.Mysql", "AppPersistence.Mysql\AppPersistence.Mysql.csproj", "{F09668A5-CB5F-4D43-B11E-31963AFEE6C0}"
EndProject
Project("{2150E333-8FDC-42A3-9474-1A3956D46DE8}") = "Wpf", "Wpf", "{0810D2EA-B415-4585-8AFF-1D3C0DA6E48F}"
EndProject
Project("{9A19103F-16F7-4668-BE54-9A1E7A4F7556}") = "Billing", "Billing\Billing.csproj", "{38177A94-569E-4B71-956B-3ED48EB74419}"
EndProject
Project("{2150E333-8FDC-42A3-9474-1A3956D46DE8}") = "Worker", "Worker", "{C82A8F06-51C8-4336-8CF5-4E361C38BD6D}"
EndProject
Project("{9A19103F-16F7-4668-BE54-9A1E7A4F7556}") = "WorkerService", "WorkerService\WorkerService.csproj", "{97B95A25-2559-4358-B817-4047DF5730E0}"
EndProject
Global
	GlobalSection(SolutionConfigurationPlatforms) = preSolution
		Debug|Any CPU = Debug|Any CPU
		Release|Any CPU = Release|Any CPU
	EndGlobalSection
	GlobalSection(ProjectConfigurationPlatforms) = postSolution
		{98EFCEC5-5136-4727-ADD8-813723069D4E}.Debug|Any CPU.ActiveCfg = Debug|Any CPU
		{98EFCEC5-5136-4727-ADD8-813723069D4E}.Debug|Any CPU.Build.0 = Debug|Any CPU
		{98EFCEC5-5136-4727-ADD8-813723069D4E}.Release|Any CPU.ActiveCfg = Release|Any CPU
		{98EFCEC5-5136-4727-ADD8-813723069D4E}.Release|Any CPU.Build.0 = Release|Any CPU
		{AE1EE480-B292-4102-8011-D4B7D5294E20}.Debug|Any CPU.ActiveCfg = Debug|Any CPU
		{AE1EE480-B292-4102-8011-D4B7D5294E20}.Debug|Any CPU.Build.0 = Debug|Any CPU
		{AE1EE480-B292-4102-8011-D4B7D5294E20}.Release|Any CPU.ActiveCfg = Release|Any CPU
		{AE1EE480-B292-4102-8011-D4B7D5294E20}.Release|Any CPU.Build.0 = Release|Any CPU
		{60F5E74C-75CC-4ED6-941A-93666887F48F}.Debug|Any CPU.ActiveCfg = Debug|Any CPU
		{60F5E74C-75CC-4ED6-941A-93666887F48F}.Debug|Any CPU.Build.0 = Debug|Any CPU
		{60F5E74C-75CC-4ED6-941A-93666887F48F}.Release|Any CPU.ActiveCfg = Release|Any CPU
		{60F5E74C-75CC-4ED6-941A-93666887F48F}.Release|Any CPU.Build.0 = Release|Any CPU
		{449EC033-AA98-4858-9DEB-047115EF1919}.Debug|Any CPU.ActiveCfg = Debug|Any CPU
		{449EC033-AA98-4858-9DEB-047115EF1919}.Debug|Any CPU.Build.0 = Debug|Any CPU
		{449EC033-AA98-4858-9DEB-047115EF1919}.Release|Any CPU.ActiveCfg = Release|Any CPU
		{449EC033-AA98-4858-9DEB-047115EF1919}.Release|Any CPU.Build.0 = Release|Any CPU
		{F45932BD-0C08-4139-AA0C-D891AC08D3B8}.Debug|Any CPU.ActiveCfg = Debug|Any CPU
		{F45932BD-0C08-4139-AA0C-D891AC08D3B8}.Debug|Any CPU.Build.0 = Debug|Any CPU
		{F45932BD-0C08-4139-AA0C-D891AC08D3B8}.Release|Any CPU.ActiveCfg = Release|Any CPU
		{F45932BD-0C08-4139-AA0C-D891AC08D3B8}.Release|Any CPU.Build.0 = Release|Any CPU
		{F09668A5-CB5F-4D43-B11E-31963AFEE6C0}.Debug|Any CPU.ActiveCfg = Debug|Any CPU
		{F09668A5-CB5F-4D43-B11E-31963AFEE6C0}.Debug|Any CPU.Build.0 = Debug|Any CPU
		{F09668A5-CB5F-4D43-B11E-31963AFEE6C0}.Release|Any CPU.ActiveCfg = Release|Any CPU
		{F09668A5-CB5F-4D43-B11E-31963AFEE6C0}.Release|Any CPU.Build.0 = Release|Any CPU
		{38177A94-569E-4B71-956B-3ED48EB74419}.Debug|Any CPU.ActiveCfg = Debug|Any CPU
		{38177A94-569E-4B71-956B-3ED48EB74419}.Debug|Any CPU.Build.0 = Debug|Any CPU
		{38177A94-569E-4B71-956B-3ED48EB74419}.Release|Any CPU.ActiveCfg = Release|Any CPU
		{38177A94-569E-4B71-956B-3ED48EB74419}.Release|Any CPU.Build.0 = Release|Any CPU
		{97B95A25-2559-4358-B817-4047DF5730E0}.Debug|Any CPU.ActiveCfg = Debug|Any CPU
		{97B95A25-2559-4358-B817-4047DF5730E0}.Debug|Any CPU.Build.0 = Debug|Any CPU
		{97B95A25-2559-4358-B817-4047DF5730E0}.Release|Any CPU.ActiveCfg = Release|Any CPU
		{97B95A25-2559-4358-B817-4047DF5730E0}.Release|Any CPU.Build.0 = Release|Any CPU
	EndGlobalSection
	GlobalSection(SolutionProperties) = preSolution
		HideSolutionNode = FALSE
	EndGlobalSection
	GlobalSection(NestedProjects) = preSolution
		{98EFCEC5-5136-4727-ADD8-813723069D4E} = {7E73324D-AC36-4516-BEF8-C38C2436E33C}
		{AE1EE480-B292-4102-8011-D4B7D5294E20} = {052F3B18-9048-40DD-9849-056E85D875DC}
		{60F5E74C-75CC-4ED6-941A-93666887F48F} = {052F3B18-9048-40DD-9849-056E85D875DC}
		{449EC033-AA98-4858-9DEB-047115EF1919} = {052F3B18-9048-40DD-9849-056E85D875DC}
		{F45932BD-0C08-4139-AA0C-D891AC08D3B8} = {052F3B18-9048-40DD-9849-056E85D875DC}
		{F09668A5-CB5F-4D43-B11E-31963AFEE6C0} = {347CD88E-1B92-47A7-8701-5ACF7A95F071}
		{0810D2EA-B415-4585-8AFF-1D3C0DA6E48F} = {7E73324D-AC36-4516-BEF8-C38C2436E33C}
		{38177A94-569E-4B71-956B-3ED48EB74419} = {0810D2EA-B415-4585-8AFF-1D3C0DA6E48F}
		{C82A8F06-51C8-4336-8CF5-4E361C38BD6D} = {7E73324D-AC36-4516-BEF8-C38C2436E33C}
		{97B95A25-2559-4358-B817-4047DF5730E0} = {C82A8F06-51C8-4336-8CF5-4E361C38BD6D}
	EndGlobalSection
	GlobalSection(ExtensibilityGlobals) = postSolution
		SolutionGuid = {BDA300D4-41AE-474D-8FC5-9AB74DA1E9EC}
	EndGlobalSection
EndGlobal
